
Microsoft Visual Studio Solution File, Format Version 12.00
# Visual Studio Version 17
VisualStudioVersion = 17.0.31903.59
MinimumVisualStudioVersion = 10.0.40219.1
Project("{FAE04EC0-301F-11D3-BF4B-00C04F79EFBC}") = "API", "API\API.csproj", "{BB490C77-03CF-4148-96DA-64663DCEFEF5}"
EndProject
Project("{FAE04EC0-301F-11D3-BF4B-00C04F79EFBC}") = "Application", "Application\Application.csproj", "{55A9D911-E032-4688-8EAD-F0F41D86E945}"
EndProject
Project("{FAE04EC0-301F-11D3-BF4B-00C04F79EFBC}") = "Domain", "Domain\Domain.csproj", "{62308D13-8408-46EB-B35D-6C4F84A6E984}"
EndProject
Project("{FAE04EC0-301F-11D3-BF4B-00C04F79EFBC}") = "Persistence", "Persistence\Persistence.csproj", "{CA18AF1D-C35F-4776-8EA8-D7188F61C05D}"
EndProject
Global
	GlobalSection(SolutionConfigurationPlatforms) = preSolution
		Debug|Any CPU = Debug|Any CPU
		Release|Any CPU = Release|Any CPU
	EndGlobalSection
	GlobalSection(SolutionProperties) = preSolution
		HideSolutionNode = FALSE
	EndGlobalSection
	GlobalSection(ProjectConfigurationPlatforms) = postSolution
		{BB490C77-03CF-4148-96DA-64663DCEFEF5}.Debug|Any CPU.ActiveCfg = Debug|Any CPU
		{BB490C77-03CF-4148-96DA-64663DCEFEF5}.Debug|Any CPU.Build.0 = Debug|Any CPU
		{BB490C77-03CF-4148-96DA-64663DCEFEF5}.Release|Any CPU.ActiveCfg = Release|Any CPU
		{BB490C77-03CF-4148-96DA-64663DCEFEF5}.Release|Any CPU.Build.0 = Release|Any CPU
		{55A9D911-E032-4688-8EAD-F0F41D86E945}.Debug|Any CPU.ActiveCfg = Debug|Any CPU
		{55A9D911-E032-4688-8EAD-F0F41D86E945}.Debug|Any CPU.Build.0 = Debug|Any CPU
		{55A9D911-E032-4688-8EAD-F0F41D86E945}.Release|Any CPU.ActiveCfg = Release|Any CPU
		{55A9D911-E032-4688-8EAD-F0F41D86E945}.Release|Any CPU.Build.0 = Release|Any CPU
		{62308D13-8408-46EB-B35D-6C4F84A6E984}.Debug|Any CPU.ActiveCfg = Debug|Any CPU
		{62308D13-8408-46EB-B35D-6C4F84A6E984}.Debug|Any CPU.Build.0 = Debug|Any CPU
		{62308D13-8408-46EB-B35D-6C4F84A6E984}.Release|Any CPU.ActiveCfg = Release|Any CPU
		{62308D13-8408-46EB-B35D-6C4F84A6E984}.Release|Any CPU.Build.0 = Release|Any CPU
		{CA18AF1D-C35F-4776-8EA8-D7188F61C05D}.Debug|Any CPU.ActiveCfg = Debug|Any CPU
		{CA18AF1D-C35F-4776-8EA8-D7188F61C05D}.Debug|Any CPU.Build.0 = Debug|Any CPU
		{CA18AF1D-C35F-4776-8EA8-D7188F61C05D}.Release|Any CPU.ActiveCfg = Release|Any CPU
		{CA18AF1D-C35F-4776-8EA8-D7188F61C05D}.Release|Any CPU.Build.0 = Release|Any CPU
	EndGlobalSection
EndGlobal
